# This file is autogenerated, do not edit; changes may be undone by the next 'dep ensure'.


[[projects]]
  branch = "master"
  name = "github.com/golang/protobuf"
  packages = ["proto","protoc-gen-go/descriptor","ptypes","ptypes/any","ptypes/duration","ptypes/timestamp"]
  revision = "1e59b77b52bf8e4b449a57e6f79f21226d571845"

[[projects]]
  name = "github.com/hashicorp/consul"
  packages = ["api"]
  revision = "9564c2978b59c060aed0657e662a4eb1c6f35356"
  version = "v1.0.1"

[[projects]]
  branch = "master"
  name = "github.com/hashicorp/go-cleanhttp"
  packages = ["."]
  revision = "06c9ea3a335b7443026f8124b22619524420291b"

[[projects]]
  branch = "master"
  name = "github.com/hashicorp/go-rootcerts"
  packages = ["."]
  revision = "6bb64b370b90e7ef1fa532be9e591a81c3493e00"

[[projects]]
  name = "github.com/hashicorp/serf"
  packages = ["coordinate"]
  revision = "d6574a5bb1226678d7010325fb6c985db20ee458"
  version = "v0.8.1"

[[projects]]
  branch = "master"
  name = "github.com/mitchellh/go-homedir"
  packages = ["."]
  revision = "b8bc1bf767474819792c23f32d8286a45736f1c6"

[[projects]]
  branch = "master"
  name = "github.com/mitchellh/hashstructure"
  packages = ["."]
  revision = "2bca23e0e452137f789efbc8610126fd8b94f73b"

[[projects]]
  name = "github.com/satori/go.uuid"
  packages = ["."]
  revision = "879c5887cd475cd7864858769793b2ceb0d44feb"
  version = "v1.1.0"

[[projects]]
  name = "go.uber.org/atomic"
  packages = ["."]
  revision = "8474b86a5a6f79c443ce4b2992817ff32cf208b8"
  version = "v1.3.1"

[[projects]]
  name = "go.uber.org/multierr"
  packages = ["."]
  revision = "3c4937480c32f4c13a875a1829af76c98ca3d40a"
  version = "v1.1.0"

[[projects]]
  name = "go.uber.org/zap"
  packages = [".","buffer","internal/bufferpool","internal/color","internal/exit","zapcore"]
  revision = "35aad584952c3e7020db7b839f6b102de6271f89"
  version = "v1.7.1"

[[projects]]
  branch = "master"
  name = "golang.org/x/net"
  packages = ["context","http2","http2/hpack","idna","internal/timeseries","lex/httplex","trace"]
  revision = "dc871a5d77e227f5bbf6545176ef3eeebf87e76e"

[[projects]]
  branch = "master"
  name = "golang.org/x/text"
  packages = ["collate","collate/build","internal/colltab","internal/gen","internal/tag","internal/triegen","internal/ucd","language","secure/bidirule","transform","unicode/bidi","unicode/cldr","unicode/norm","unicode/rangetable"]
  revision = "3b24cac7bc3a458991ab409aa2a339ac9e0d60d6"

[[projects]]
  branch = "master"
  name = "google.golang.org/genproto"
  packages = ["googleapis/rpc/status"]
  revision = "73cb5d0be5af113b42057925bd6c93e3cd9f60fd"

[[projects]]
  name = "google.golang.org/grpc"
  packages = [".","balancer","balancer/roundrobin","codes","connectivity","credentials","encoding","grpclb/grpc_lb_v1/messages","grpclog","internal","keepalive","metadata","naming","peer","reflection","reflection/grpc_reflection_v1alpha","resolver","resolver/dns","resolver/manual","resolver/passthrough","stats","status","tap","transport"]
  revision = "be077907e29fdb945d351e4284eb5361e7f8924e"
  version = "v1.8.1"

[solve-meta]
  analyzer-name = "dep"
  analyzer-version = 1
  inputs-digest = "9e43ab544bea83efd536024f7aca1bbf04d5482a6b547b17338e0c3e269588c5"
  solver-name = "gps-cdcl"
  solver-version = 1
